
Microsoft Visual Studio Solution File, Format Version 12.00
# Visual Studio Version 17
VisualStudioVersion = 17.4.33122.133
MinimumVisualStudioVersion = 10.0.40219.1
Project("{FAE04EC0-301F-11D3-BF4B-00C04F79EFBC}") = "SignalRDemo.Server", "SignalRDemo.Server\SignalRDemo.Server.csproj", "{1F7AFA23-D882-4D88-97A9-EAC565A8607F}"
EndProject
Global
	GlobalSection(SolutionConfigurationPlatforms) = preSolution
		Debug|Any CPU = Debug|Any CPU
		Release|Any CPU = Release|Any CPU
	EndGlobalSection
	GlobalSection(ProjectConfigurationPlatforms) = postSolution
		{1F7AFA23-D882-4D88-97A9-EAC565A8607F}.Debug|Any CPU.ActiveCfg = Debug|Any CPU
		{1F7AFA23-D882-4D88-97A9-EAC565A8607F}.Debug|Any CPU.Build.0 = Debug|Any CPU
		{1F7AFA23-D882-4D88-97A9-EAC565A8607F}.Release|Any CPU.ActiveCfg = Release|Any CPU
		{1F7AFA23-D882-4D88-97A9-EAC565A8607F}.Release|Any CPU.Build.0 = Release|Any CPU
	EndGlobalSection
	GlobalSection(SolutionProperties) = preSolution
		HideSolutionNode = FALSE
	EndGlobalSection
	GlobalSection(ExtensibilityGlobals) = postSolution
		SolutionGuid = {6535EC09-54B2-45CC-B738-CE009A5093BC}
	EndGlobalSection
EndGlobal
